PODS:
  - DeviceKit (1.8.1)
  - RxCocoa (4.1.2):
    - RxSwift (~> 4.0)
  - RxGesture (1.2.1):
    - RxCocoa (~> 4.0)
    - RxSwift (~> 4.0)
  - RxSwift (4.1.2)

DEPENDENCIES:
  - DeviceKit
  - RxCocoa (~> 4.1.2)
  - RxGesture (~> 1.2.1)
  - RxSwift (~> 4.1.2)

SPEC REPOS:
  https://github.com/cocoapods/specs.git:
    - DeviceKit
    - RxCocoa
    - RxGesture
    - RxSwift

SPEC CHECKSUMS:
  DeviceKit: eb29be542f5473b46b1c719011cf7de3ec5264ca
  RxCocoa: d88ba0f1f6abf040011a9eb4b539324fc426843a
  RxGesture: c278eb05b187abd47e11e65464ae4de53ab71d95
  RxSwift: e49536837d9901277638493ea537394d4b55f570

PODFILE CHECKSUM: aa871ff8afcf58f81339fe6f9c78542e6403ff83

COCOAPODS: 1.5.3
