PODS:
  - DeviceKit (4.2.1)
  - RxCocoa (5.1.1):
    - RxRelay (~> 5)
    - RxSwift (~> 5)
  - RxGesture (3.0.2):
    - RxCocoa (~> 5.1)
    - RxSwift (~> 5.1)
  - RxRelay (5.1.1):
    - RxSwift (~> 5)
  - RxSwift (5.1.1)

DEPENDENCIES:
  - DeviceKit (= 4.2.1)
  - RxCocoa (= 5.1.1)
  - RxGesture (= 3.0.2)
  - RxSwift (= 5.1.1)

SPEC REPOS:
  trunk:
    - DeviceKit
    - RxCocoa
    - RxGesture
    - RxRelay
    - RxSwift

SPEC CHECKSUMS:
  DeviceKit: cadb5ff25d45fe186778bf2d0fd2ea4750542189
  RxCocoa: 32065309a38d29b5b0db858819b5bf9ef038b601
  RxGesture: d6bd7447ca3a596c7a9702a6a2b6a2bb5d8bae54
  RxRelay: d77f7d771495f43c556cbc43eebd1bb54d01e8e9
  RxSwift: 81470a2074fa8780320ea5fe4102807cb7118178

PODFILE CHECKSUM: 3b99ca65adf0e1fc1dc613abe008ed2beaac05d2

COCOAPODS: 1.9.1
